{
  "name": "threejs",
  "version": "1.0.0",
  "lockfileVersion": 2,
  "requires": true,
  "packages": {
    "": {
      "name": "threejs",
      "version": "1.0.0",
      "license": "ISC",
      "dependencies": {
        "three": "^0.137.1"
      }
    },
    "node_modules/three": {
      "version": "0.137.1",
      "resolved": "https://registry.npmjs.org/three/-/three-0.137.1.tgz",
      "integrity": "sha512-GwoWu7jL0YEwtAPMt2MijplOeSslFYJgORGxkEE19aRd2fk53VQPKYwsA+Lj7M19dQl4AI6Knv+jUK8F0L67Tg=="
    }
  },
  "dependencies": {
    "three": {
      "version": "0.137.1",
      "resolved": "https://registry.npmjs.org/three/-/three-0.137.1.tgz",
      "integrity": "sha512-GwoWu7jL0YEwtAPMt2MijplOeSslFYJgORGxkEE19aRd2fk53VQPKYwsA+Lj7M19dQl4AI6Knv+jUK8F0L67Tg=="
    }
  }
}
